// !$*UTF8*$!
{
	archiveVersion = 1;
	classes = {
	};
	objectVersion = 77;
	objects = {

/* Begin PBXBuildFile section */
		69007FFA2E579BA800BA7D7A /* GoogleService-Info.plist in Resources */ = {isa = PBXBuildFile; fileRef = 69007FF92E579BA800BA7D7A /* GoogleService-Info.plist */; };
		69007FFD2E579D5600BA7D7A /* FirebaseAuth in Frameworks */ = {isa = PBXBuildFile; productRef = 69007FFC2E579D5600BA7D7A /* FirebaseAuth */; };
		69007FFF2E579D5600BA7D7A /* FirebaseFirestore in Frameworks */ = {isa = PBXBuildFile; productRef = 69007FFE2E579D5600BA7D7A /* FirebaseFirestore */; };
/* End PBXBuildFile section */

/* Begin PBXContainerItemProxy section */
		69007FDB2E5798F500BA7D7A /* PBXContainerItemProxy */ = {
			isa = PBXContainerItemProxy;
			containerPortal = 69007FC22E5798F400BA7D7A /* Project object */;
			proxyType = 1;
			remoteGlobalIDString = 69007FC92E5798F400BA7D7A;
			remoteInfo = GymPumped;
		};
		69007FE52E5798F500BA7D7A /* PBXContainerItemProxy */ = {
			isa = PBXContainerItemProxy;
			containerPortal = 69007FC22E5798F400BA7D7A /* Project object */;
			proxyType = 1;
			remoteGlobalIDString = 69007FC92E5798F400BA7D7A;
			remoteInfo = GymPumped;
		};
/* End PBXContainerItemProxy section */

/* Begin PBXFileReference section */
		69007FCA2E5798F400BA7D7A /* GymPumped.app */ = {isa = PBXFileReference; explicitFileType = wrapper.application; includeInIndex = 0; path = GymPumped.app; sourceTree = BUILT_PRODUCTS_DIR; };
		69007FDA2E5798F500BA7D7A /* GymPumpedTests.xctest */ = {isa = PBXFileReference; explicitFileType = wrapper.cfbundle; includeInIndex = 0; path = GymPumpedTests.xctest; sourceTree = BUILT_PRODUCTS_DIR; };
		69007FE42E5798F500BA7D7A /* GymPumpedUITests.xctest */ = {isa = PBXFileReference; explicitFileType = wrapper.cfbundle; includeInIndex = 0; path = GymPumpedUITests.xctest; sourceTree = BUILT_PRODUCTS_DIR; };
		69007FF92E579BA800BA7D7A /* GoogleService-Info.plist */ = {isa = PBXFileReference; lastKnownFileType = text.plist.xml; path = "GoogleService-Info.plist"; sourceTree = "<group>"; };
/* End PBXFileReference section */

/* Begin PBXFileSystemSynchronizedRootGroup section */
		69007FCC2E5798F400BA7D7A /* GymPumped */ = {
			isa = PBXFileSystemSynchronizedRootGroup;
			path = GymPumped;
			sourceTree = "<group>";
		};
		69007FDD2E5798F500BA7D7A /* GymPumpedTests */ = {
			isa = PBXFileSystemSynchronizedRootGroup;
			path = GymPumpedTests;
			sourceTree = "<group>";
		};
		69007FE72E5798F500BA7D7A /* GymPumpedUITests */ = {
			isa = PBXFileSystemSynchronizedRootGroup;
			path = GymPumpedUITests;
			sourceTree = "<group>";
		};
/* End PBXFileSystemSynchronizedRootGroup section */

/* Begin PBXFrameworksBuildPhase section */
		69007FC72E5798F400BA7D7A /* Frameworks */ = {
			isa = PBXFrameworksBuildPhase;
			buildActionMask = 2147483647;
			files = (
				69007FFD2E579D5600BA7D7A /* FirebaseAuth in Frameworks */,
				69007FFF2E579D5600BA7D7A /* FirebaseFirestore in Frameworks */,
			);
			runOnlyForDeploymentPostprocessing = 0;
		};
		69007FD72E5798F500BA7D7A /* Frameworks */ = {
			isa = PBXFrameworksBuildPhase;
			buildActionMask = 2147483647;
			files = (
			);
			runOnlyForDeploymentPostprocessing = 0;
		};
		69007FE12E5798F500BA7D7A /* Frameworks */ = {
			isa = PBXFrameworksBuildPhase;
			buildActionMask = 2147483647;
			files = (
			);
			runOnlyForDeploymentPostprocessing = 0;
		};
/* End PBXFrameworksBuildPhase section */

/* Begin PBXGroup section */
		69007FC12E5798F400BA7D7A = {
			isa = PBXGroup;
			children = (
				69007FCC2E5798F400BA7D7A /* GymPumped */,
				69007FDD2E5798F500BA7D7A /* GymPumpedTests */,
				69007FE72E5798F500BA7D7A /* GymPumpedUITests */,
				69007FCB2E5798F400BA7D7A /* Products */,
				69007FF92E579BA800BA7D7A /* GoogleService-Info.plist */,
			);
			sourceTree = "<group>";
		};
		69007FCB2E5798F400BA7D7A /* Products */ = {
			isa = PBXGroup;
			children = (
				69007FCA2E5798F400BA7D7A /* GymPumped.app */,
				69007FDA2E5798F500BA7D7A /* GymPumpedTests.xctest */,
				69007FE42E5798F500BA7D7A /* GymPumpedUITests.xctest */,
			);
			name = Products;
			sourceTree = "<group>";
		};
/* End PBXGroup section */

/* Begin PBXNativeTarget section */
		69007FC92E5798F400BA7D7A /* GymPumped */ = {
			isa = PBXNativeTarget;
			buildConfigurationList = 69007FEE2E5798F500BA7D7A /* Build configuration list for PBXNativeTarget "GymPumped" */;
			buildPhases = (
				69007FC62E5798F400BA7D7A /* Sources */,
				69007FC72E5798F400BA7D7A /* Frameworks */,
				69007FC82E5798F400BA7D7A /* Resources */,
			);
			buildRules = (
			);
			dependencies = (
			);
			fileSystemSynchronizedGroups = (
				69007FCC2E5798F400BA7D7A /* GymPumped */,
			);
			name = GymPumped;
			packageProductDependencies = (
				69007FFC2E579D5600BA7D7A /* FirebaseAuth */,
				69007FFE2E579D5600BA7D7A /* FirebaseFirestore */,
			);
			productName = GymPumped;
			productReference = 69007FCA2E5798F400BA7D7A /* GymPumped.app */;
			productType = "com.apple.product-type.application";
		};
		69007FD92E5798F500BA7D7A /* GymPumpedTests */ = {
			isa = PBXNativeTarget;
			buildConfigurationList = 69007FF12E5798F500BA7D7A /* Build configuration list for PBXNativeTarget "GymPumpedTests" */;
			buildPhases = (
				69007FD62E5798F500BA7D7A /* Sources */,
				69007FD72E5798F500BA7D7A /* Frameworks */,
				69007FD82E5798F500BA7D7A /* Resources */,
			);
			buildRules = (
			);
			dependencies = (
				69007FDC2E5798F500BA7D7A /* PBXTargetDependency */,
			);
			fileSystemSynchronizedGroups = (
				69007FDD2E5798F500BA7D7A /* GymPumpedTests */,
			);
			name = GymPumpedTests;
			packageProductDependencies = (
			);
			productName = GymPumpedTests;
			productReference = 69007FDA2E5798F500BA7D7A /* GymPumpedTests.xctest */;
			productType = "com.apple.product-type.bundle.unit-test";
		};
		69007FE32E5798F500BA7D7A /* GymPumpedUITests */ = {
			isa = PBXNativeTarget;
			buildConfigurationList = 69007FF42E5798F500BA7D7A /* Build configuration list for PBXNativeTarget "GymPumpedUITests" */;
			buildPhases = (
				69007FE02E5798F500BA7D7A /* Sources */,
				69007FE12E5798F500BA7D7A /* Frameworks */,
				69007FE22E5798F500BA7D7A /* Resources */,
			);
			buildRules = (
			);
			dependencies = (
				69007FE62E5798F500BA7D7A /* PBXTargetDependency */,
			);
			fileSystemSynchronizedGroups = (
				69007FE72E5798F500BA7D7A /* GymPumpedUITests */,
			);
			name = GymPumpedUITests;
			packageProductDependencies = (
			);
			productName = GymPumpedUITests;
			productReference = 69007FE42E5798F500BA7D7A /* GymPumpedUITests.xctest */;
			productType = "com.apple.product-type.bundle.ui-testing";
		};
/* End PBXNativeTarget section */

/* Begin PBXProject section */
		69007FC22E5798F400BA7D7A /* Project object */ = {
			isa = PBXProject;
			attributes = {
				BuildIndependentTargetsInParallel = 1;
				LastSwiftUpdateCheck = 1620;
				LastUpgradeCheck = 1620;
				TargetAttributes = {
					69007FC92E5798F400BA7D7A = {
						CreatedOnToolsVersion = 16.2;
					};
					69007FD92E5798F500BA7D7A = {
						CreatedOnToolsVersion = 16.2;
						TestTargetID = 69007FC92E5798F400BA7D7A;
					};
					69007FE32E5798F500BA7D7A = {
						CreatedOnToolsVersion = 16.2;
						TestTargetID = 69007FC92E5798F400BA7D7A;
					};
				};
			};
			buildConfigurationList = 69007FC52E5798F400BA7D7A /* Build configuration list for PBXProject "GymPumped" */;
			developmentRegion = en;
			hasScannedForEncodings = 0;
			knownRegions = (
				en,
				Base,
			);
			mainGroup = 69007FC12E5798F400BA7D7A;
			minimizedProjectReferenceProxies = 1;
			packageReferences = (
				69007FFB2E579D5600BA7D7A /* XCRemoteSwiftPackageReference "firebase-ios-sdk" */,
			);
			preferredProjectObjectVersion = 77;
			productRefGroup = 69007FCB2E5798F400BA7D7A /* Products */;
			projectDirPath = "";
			projectRoot = "";
			targets = (
				69007FC92E5798F400BA7D7A /* GymPumped */,
				69007FD92E5798F500BA7D7A /* GymPumpedTests */,
				69007FE32E5798F500BA7D7A /* GymPumpedUITests */,
			);
		};
/* End PBXProject section */

/* Begin PBXResourcesBuildPhase section */
		69007FC82E5798F400BA7D7A /* Resources */ = {
			isa = PBXResourcesBuildPhase;
			buildActionMask = 2147483647;
			files = (
				69007FFA2E579BA800BA7D7A /* GoogleService-Info.plist in Resources */,
			);
			runOnlyForDeploymentPostprocessing = 0;
		};
		69007FD82E5798F500BA7D7A /* Resources */ = {
			isa = PBXResourcesBuildPhase;
			buildActionMask = 2147483647;
			files = (
			);
			runOnlyForDeploymentPostprocessing = 0;
		};
		69007FE22E5798F500BA7D7A /* Resources */ = {
			isa = PBXResourcesBuildPhase;
			buildActionMask = 2147483647;
			files = (
			);
			runOnlyForDeploymentPostprocessing = 0;
		};
/* End PBXResourcesBuildPhase section */

/* Begin PBXSourcesBuildPhase section */
		69007FC62E5798F400BA7D7A /* Sources */ = {
			isa = PBXSourcesBuildPhase;
			buildActionMask = 2147483647;
			files = (
			);
			runOnlyForDeploymentPostprocessing = 0;
		};
		69007FD62E5798F500BA7D7A /* Sources */ = {
			isa = PBXSourcesBuildPhase;
			buildActionMask = 2147483647;
			files = (
			);
			runOnlyForDeploymentPostprocessing = 0;
		};
		69007FE02E5798F500BA7D7A /* Sources */ = {
			isa = PBXSourcesBuildPhase;
			buildActionMask = 2147483647;
			files = (
			);
			runOnlyForDeploymentPostprocessing = 0;
		};
/* End PBXSourcesBuildPhase section */

/* Begin PBXTargetDependency section */
		69007FDC2E5798F500BA7D7A /* PBXTargetDependency */ = {
			isa = PBXTargetDependency;
			target = 69007FC92E5798F400BA7D7A /* GymPumped */;
			targetProxy = 69007FDB2E5798F500BA7D7A /* PBXContainerItemProxy */;
		};
		69007FE62E5798F500BA7D7A /* PBXTargetDependency */ = {
			isa = PBXTargetDependency;
			target = 69007FC92E5798F400BA7D7A /* GymPumped */;
			targetProxy = 69007FE52E5798F500BA7D7A /* PBXContainerItemProxy */;
		};
/* End PBXTargetDependency section */

/* Begin XCBuildConfiguration section */
		69007FEC2E5798F500BA7D7A /* Debug */ = {
			isa = XCBuildConfiguration;
			buildSettings = {
				ALWAYS_SEARCH_USER_PATHS = NO;
				ASSETCATALOG_COMPILER_GENERATE_SWIFT_ASSET_SYMBOL_EXTENSIONS = YES;
				CLANG_ANALYZER_NONNULL = YES;
				CLANG_ANALYZER_NUMBER_OBJECT_CONVERSION = YES_AGGRESSIVE;
				CLANG_CXX_LANGUAGE_STANDARD = "gnu++20";
				CLANG_ENABLE_MODULES = YES;
				CLANG_ENABLE_OBJC_ARC = YES;
				CLANG_ENABLE_OBJC_WEAK = YES;
				CLANG_WARN_BLOCK_CAPTURE_AUTORELEASING = YES;
				CLANG_WARN_BOOL_CONVERSION = YES;
				CLANG_WARN_COMMA = YES;
				CLANG_WARN_CONSTANT_CONVERSION = YES;
				CLANG_WARN_DEPRECATED_OBJC_IMPLEMENTATIONS = YES;
				CLANG_WARN_DIRECT_OBJC_ISA_USAGE = YES_ERROR;
				CLANG_WARN_DOCUMENTATION_COMMENTS = YES;
				CLANG_WARN_EMPTY_BODY = YES;
				CLANG_WARN_ENUM_CONVERSION = YES;
				CLANG_WARN_INFINITE_RECURSION = YES;
				CLANG_WARN_INT_CONVERSION = YES;
				CLANG_WARN_NON_LITERAL_NULL_CONVERSION = YES;
				CLANG_WARN_OBJC_IMPLICIT_RETAIN_SELF = YES;
				CLANG_WARN_OBJC_LITERAL_CONVERSION = YES;
				CLANG_WARN_OBJC_ROOT_CLASS = YES_ERROR;
				CLANG_WARN_QUOTED_INCLUDE_IN_FRAMEWORK_HEADER = YES;
				CLANG_WARN_RANGE_LOOP_ANALYSIS = YES;
				CLANG_WARN_STRICT_PROTOTYPES = YES;
				CLANG_WARN_SUSPICIOUS_MOVE = YES;
				CLANG_WARN_UNGUARDED_AVAILABILITY = YES_AGGRESSIVE;
				CLANG_WARN_UNREACHABLE_CODE = YES;
				CLANG_WARN__DUPLICATE_METHOD_MATCH = YES;
				COPY_PHASE_STRIP = NO;
				DEBUG_INFORMATION_FORMAT = dwarf;
				ENABLE_STRICT_OBJC_MSGSEND = YES;
				ENABLE_TESTABILITY = YES;
				ENABLE_USER_SCRIPT_SANDBOXING = YES;
				GCC_C_LANGUAGE_STANDARD = gnu17;
				GCC_DYNAMIC_NO_PIC = NO;
				GCC_NO_COMMON_BLOCKS = YES;
				GCC_OPTIMIZATION_LEVEL = 0;
				GCC_PREPROCESSOR_DEFINITIONS = (
					"DEBUG=1",
					"$(inherited)",
				);
				GCC_WARN_64_TO_32_BIT_CONVERSION = YES;
				GCC_WARN_ABOUT_RETURN_TYPE = YES_ERROR;
				GCC_WARN_UNDECLARED_SELECTOR = YES;
				GCC_WARN_UNINITIALIZED_AUTOS = YES_AGGRESSIVE;
				GCC_WARN_UNUSED_FUNCTION = YES;
				GCC_WARN_UNUSED_VARIABLE = YES;
				IPHONEOS_DEPLOYMENT_TARGET = 18.2;
				LOCALIZATION_PREFERS_STRING_CATALOGS = YES;
				MTL_ENABLE_DEBUG_INFO = INCLUDE_SOURCE;
				MTL_FAST_MATH = YES;
				ONLY_ACTIVE_ARCH = YES;
				SDKROOT = iphoneos;
				SWIFT_ACTIVE_COMPILATION_CONDITIONS = "DEBUG $(inherited)";
				SWIFT_OPTIMIZATION_LEVEL = "-Onone";
			};
			name = Debug;
		};
		69007FED2E5798F500BA7D7A /* Release */ = {
			isa = XCBuildConfiguration;
			buildSettings = {
				ALWAYS_SEARCH_USER_PATHS = NO;
				ASSETCATALOG_COMPILER_GENERATE_SWIFT_ASSET_SYMBOL_EXTENSIONS = YES;
				CLANG_ANALYZER_NONNULL = YES;
				CLANG_ANALYZER_NUMBER_OBJECT_CONVERSION = YES_AGGRESSIVE;
				CLANG_CXX_LANGUAGE_STANDARD = "gnu++20";
				CLANG_ENABLE_MODULES = YES;
				CLANG_ENABLE_OBJC_ARC = YES;
				CLANG_ENABLE_OBJC_WEAK = YES;
				CLANG_WARN_BLOCK_CAPTURE_AUTORELEASING = YES;
				CLANG_WARN_BOOL_CONVERSION = YES;
				CLANG_WARN_COMMA = YES;
				CLANG_WARN_CONSTANT_CONVERSION = YES;
				CLANG_WARN_DEPRECATED_OBJC_IMPLEMENTATIONS = YES;
				CLANG_WARN_DIRECT_OBJC_ISA_USAGE = YES_ERROR;
				CLANG_WARN_DOCUMENTATION_COMMENTS = YES;
				CLANG_WARN_EMPTY_BODY = YES;
				CLANG_WARN_ENUM_CONVERSION = YES;
				CLANG_WARN_INFINITE_RECURSION = YES;
				CLANG_WARN_INT_CONVERSION = YES;
				CLANG_WARN_NON_LITERAL_NULL_CONVERSION = YES;
				CLANG_WARN_OBJC_IMPLICIT_RETAIN_SELF = YES;
				CLANG_WARN_OBJC_LITERAL_CONVERSION = YES;
				CLANG_WARN_OBJC_ROOT_CLASS = YES_ERROR;
				CLANG_WARN_QUOTED_INCLUDE_IN_FRAMEWORK_HEADER = YES;
				CLANG_WARN_RANGE_LOOP_ANALYSIS = YES;
				CLANG_WARN_STRICT_PROTOTYPES = YES;
				CLANG_WARN_SUSPICIOUS_MOVE = YES;
				CLANG_WARN_UNGUARDED_AVAILABILITY = YES_AGGRESSIVE;
				CLANG_WARN_UNREACHABLE_CODE = YES;
				CLANG_WARN__DUPLICATE_METHOD_MATCH = YES;
				COPY_PHASE_STRIP = NO;
				DEBUG_INFORMATION_FORMAT = "dwarf-with-dsym";
				ENABLE_NS_ASSERTIONS = NO;
				ENABLE_STRICT_OBJC_MSGSEND = YES;
				ENABLE_USER_SCRIPT_SANDBOXING = YES;
				GCC_C_LANGUAGE_STANDARD = gnu17;
				GCC_NO_COMMON_BLOCKS = YES;
				GCC_WARN_64_TO_32_BIT_CONVERSION = YES;
				GCC_WARN_ABOUT_RETURN_TYPE = YES_ERROR;
				GCC_WARN_UNDECLARED_SELECTOR = YES;
				GCC_WARN_UNINITIALIZED_AUTOS = YES_AGGRESSIVE;
				GCC_WARN_UNUSED_FUNCTION = YES;
				GCC_WARN_UNUSED_VARIABLE = YES;
				IPHONEOS_DEPLOYMENT_TARGET = 18.2;
				LOCALIZATION_PREFERS_STRING_CATALOGS = YES;
				MTL_ENABLE_DEBUG_INFO = NO;
				MTL_FAST_MATH = YES;
				SDKROOT = iphoneos;
				SWIFT_COMPILATION_MODE = wholemodule;
				VALIDATE_PRODUCT = YES;
			};
			name = Release;
		};
		69007FEF2E5798F500BA7D7A /* Debug */ = {
			isa = XCBuildConfiguration;
			buildSettings = {
				ASSETCATALOG_COMPILER_APPICON_NAME = AppIcon;
				ASSETCATALOG_COMPILER_GLOBAL_ACCENT_COLOR_NAME = AccentColor;
				CODE_SIGN_STYLE = Automatic;
				CURRENT_PROJECT_VERSION = 1;
				DEVELOPMENT_ASSET_PATHS = "\"GymPumped/Preview Content\"";
				ENABLE_PREVIEWS = YES;
				GENERATE_INFOPLIST_FILE = YES;
				INFOPLIST_KEY_UIApplicationSceneManifest_Generation = YES;
				INFOPLIST_KEY_UIApplicationSupportsIndirectInputEvents = YES;
				INFOPLIST_KEY_UILaunchScreen_Generation = YES;
				INFOPLIST_KEY_UISupportedInterfaceOrientations_iPad = "UIInterfaceOrientationPortrait UIInterfaceOrientationPortraitUpsideDown UIInterfaceOrientationLandscapeLeft UIInterfaceOrientationLandscapeRight";
				INFOPLIST_KEY_UISupportedInterfaceOrientations_iPhone = "UIInterfaceOrientationPortrait UIInterfaceOrientationLandscapeLeft UIInterfaceOrientationLandscapeRight";
				LD_RUNPATH_SEARCH_PATHS = (
					"$(inherited)",
					"@executable_path/Frameworks",
				);
				MARKETING_VERSION = 1.0;
				PRODUCT_BUNDLE_IDENTIFIER = jmair.GymPumped;
				PRODUCT_NAME = "$(TARGET_NAME)";
				SWIFT_EMIT_LOC_STRINGS = YES;
				SWIFT_VERSION = 5.0;
				TARGETED_DEVICE_FAMILY = "1,2";
			};
			name = Debug;
		};
		69007FF02E5798F500BA7D7A /* Release */ = {
			isa = XCBuildConfiguration;
			buildSettings = {
				ASSETCATALOG_COMPILER_APPICON_NAME = AppIcon;
				ASSETCATALOG_COMPILER_GLOBAL_ACCENT_COLOR_NAME = AccentColor;
				CODE_SIGN_STYLE = Automatic;
				CURRENT_PROJECT_VERSION = 1;
				DEVELOPMENT_ASSET_PATHS = "\"GymPumped/Preview Content\"";
				ENABLE_PREVIEWS = YES;
				GENERATE_INFOPLIST_FILE = YES;
				INFOPLIST_KEY_UIApplicationSceneManifest_Generation = YES;
				INFOPLIST_KEY_UIApplicationSupportsIndirectInputEvents = YES;
				INFOPLIST_KEY_UILaunchScreen_Generation = YES;
				INFOPLIST_KEY_UISupportedInterfaceOrientations_iPad = "UIInterfaceOrientationPortrait UIInterfaceOrientationPortraitUpsideDown UIInterfaceOrientationLandscapeLeft UIInterfaceOrientationLandscapeRight";
				INFOPLIST_KEY_UISupportedInterfaceOrientations_iPhone = "UIInterfaceOrientationPortrait UIInterfaceOrientationLandscapeLeft UIInterfaceOrientationLandscapeRight";
				LD_RUNPATH_SEARCH_PATHS = (
					"$(inherited)",
					"@executable_path/Frameworks",
				);
				MARKETING_VERSION = 1.0;
				PRODUCT_BUNDLE_IDENTIFIER = jmair.GymPumped;
				PRODUCT_NAME = "$(TARGET_NAME)";
				SWIFT_EMIT_LOC_STRINGS = YES;
				SWIFT_VERSION = 5.0;
				TARGETED_DEVICE_FAMILY = "1,2";
			};
			name = Release;
		};
		69007FF22E5798F500BA7D7A /* Debug */ = {
			isa = XCBuildConfiguration;
			buildSettings = {
				BUNDLE_LOADER = "$(TEST_HOST)";
				CODE_SIGN_STYLE = Automatic;
				CURRENT_PROJECT_VERSION = 1;
				GENERATE_INFOPLIST_FILE = YES;
				IPHONEOS_DEPLOYMENT_TARGET = 18.2;
				MARKETING_VERSION = 1.0;
				PRODUCT_BUNDLE_IDENTIFIER = jmair.GymPumpedTests;
				PRODUCT_NAME = "$(TARGET_NAME)";
				SWIFT_EMIT_LOC_STRINGS = NO;
				SWIFT_VERSION = 5.0;
				TARGETED_DEVICE_FAMILY = "1,2";
				TEST_HOST = "$(BUILT_PRODUCTS_DIR)/GymPumped.app/$(BUNDLE_EXECUTABLE_FOLDER_PATH)/GymPumped";
			};
			name = Debug;
		};
		69007FF32E5798F500BA7D7A /* Release */ = {
			isa = XCBuildConfiguration;
			buildSettings = {
				BUNDLE_LOADER = "$(TEST_HOST)";
				CODE_SIGN_STYLE = Automatic;
				CURRENT_PROJECT_VERSION = 1;
				GENERATE_INFOPLIST_FILE = YES;
				IPHONEOS_DEPLOYMENT_TARGET = 18.2;
				MARKETING_VERSION = 1.0;
				PRODUCT_BUNDLE_IDENTIFIER = jmair.GymPumpedTests;
				PRODUCT_NAME = "$(TARGET_NAME)";
				SWIFT_EMIT_LOC_STRINGS = NO;
				SWIFT_VERSION = 5.0;
				TARGETED_DEVICE_FAMILY = "1,2";
				TEST_HOST = "$(BUILT_PRODUCTS_DIR)/GymPumped.app/$(BUNDLE_EXECUTABLE_FOLDER_PATH)/GymPumped";
			};
			name = Release;
		};
		69007FF52E5798F500BA7D7A /* Debug */ = {
			isa = XCBuildConfiguration;
			buildSettings = {
				CODE_SIGN_STYLE = Automatic;
				CURRENT_PROJECT_VERSION = 1;
				GENERATE_INFOPLIST_FILE = YES;
				MARKETING_VERSION = 1.0;
				PRODUCT_BUNDLE_IDENTIFIER = jmair.GymPumpedUITests;
				PRODUCT_NAME = "$(TARGET_NAME)";
				SWIFT_EMIT_LOC_STRINGS = NO;
				SWIFT_VERSION = 5.0;
				TARGETED_DEVICE_FAMILY = "1,2";
				TEST_TARGET_NAME = GymPumped;
			};
			name = Debug;
		};
		69007FF62E5798F500BA7D7A /* Release */ = {
			isa = XCBuildConfiguration;
			buildSettings = {
				CODE_SIGN_STYLE = Automatic;
				CURRENT_PROJECT_VERSION = 1;
				GENERATE_INFOPLIST_FILE = YES;
				MARKETING_VERSION = 1.0;
				PRODUCT_BUNDLE_IDENTIFIER = jmair.GymPumpedUITests;
				PRODUCT_NAME = "$(TARGET_NAME)";
				SWIFT_EMIT_LOC_STRINGS = NO;
				SWIFT_VERSION = 5.0;
				TARGETED_DEVICE_FAMILY = "1,2";
				TEST_TARGET_NAME = GymPumped;
			};
			name = Release;
		};
/* End XCBuildConfiguration section */

/* Begin XCConfigurationList section */
		69007FC52E5798F400BA7D7A /* Build configuration list for PBXProject "GymPumped" */ = {
			isa = XCConfigurationList;
			buildConfigurations = (
				69007FEC2E5798F500BA7D7A /* Debug */,
				69007FED2E5798F500BA7D7A /* Release */,
			);
			defaultConfigurationIsVisible = 0;
			defaultConfigurationName = Release;
		};
		69007FEE2E5798F500BA7D7A /* Build configuration list for PBXNativeTarget "GymPumped" */ = {
			isa = XCConfigurationList;
			buildConfigurations = (
				69007FEF2E5798F500BA7D7A /* Debug */,
				69007FF02E5798F500BA7D7A /* Release */,
			);
			defaultConfigurationIsVisible = 0;
			defaultConfigurationName = Release;
		};
		69007FF12E5798F500BA7D7A /* Build configuration list for PBXNativeTarget "GymPumpedTests" */ = {
			isa = XCConfigurationList;
			buildConfigurations = (
				69007FF22E5798F500BA7D7A /* Debug */,
				69007FF32E5798F500BA7D7A /* Release */,
			);
			defaultConfigurationIsVisible = 0;
			defaultConfigurationName = Release;
		};
		69007FF42E5798F500BA7D7A /* Build configuration list for PBXNativeTarget "GymPumpedUITests" */ = {
			isa = XCConfigurationList;
			buildConfigurations = (
				69007FF52E5798F500BA7D7A /* Debug */,
				69007FF62E5798F500BA7D7A /* Release */,
			);
			defaultConfigurationIsVisible = 0;
			defaultConfigurationName = Release;
		};
/* End XCConfigurationList section */

/* Begin XCRemoteSwiftPackageReference section */
		69007FFB2E579D5600BA7D7A /* XCRemoteSwiftPackageReference "firebase-ios-sdk" */ = {
			isa = XCRemoteSwiftPackageReference;
			repositoryURL = "https://github.com/firebase/firebase-ios-sdk.git";
			requirement = {
				kind = upToNextMajorVersion;
				minimumVersion = 12.1.0;
			};
		};
/* End XCRemoteSwiftPackageReference section */

/* Begin XCSwiftPackageProductDependency section */
		69007FFC2E579D5600BA7D7A /* FirebaseAuth */ = {
			isa = XCSwiftPackageProductDependency;
			package = 69007FFB2E579D5600BA7D7A /* XCRemoteSwiftPackageReference "firebase-ios-sdk" */;
			productName = FirebaseAuth;
		};
		69007FFE2E579D5600BA7D7A /* FirebaseFirestore */ = {
			isa = XCSwiftPackageProductDependency;
			package = 69007FFB2E579D5600BA7D7A /* XCRemoteSwiftPackageReference "firebase-ios-sdk" */;
			productName = FirebaseFirestore;
		};
/* End XCSwiftPackageProductDependency section */
	};
	rootObject = 69007FC22E5798F400BA7D7A /* Project object */;
}
